
Microsoft Visual Studio Solution File, Format Version 12.00
# Visual Studio Version 16
VisualStudioVersion = 16.0.28803.452
MinimumVisualStudioVersion = 10.0.40219.1
Project("{FAE04EC0-301F-11D3-BF4B-00C04F79EFBC}") = "FirstProject", "FirstProject\FirstProject.csproj", "{FCB758D0-E5F0-471A-B0E4-C4B839A3F0E8}"
EndProject
Global
	GlobalSection(SolutionConfigurationPlatforms) = preSolution
		Debug|Any CPU = Debug|Any CPU
		Release|Any CPU = Release|Any CPU
	EndGlobalSection
	GlobalSection(ProjectConfigurationPlatforms) = postSolution
		{FCB758D0-E5F0-471A-B0E4-C4B839A3F0E8}.Debug|Any CPU.ActiveCfg = Debug|Any CPU
		{FCB758D0-E5F0-471A-B0E4-C4B839A3F0E8}.Debug|Any CPU.Build.0 = Debug|Any CPU
		{FCB758D0-E5F0-471A-B0E4-C4B839A3F0E8}.Release|Any CPU.ActiveCfg = Release|Any CPU
		{FCB758D0-E5F0-471A-B0E4-C4B839A3F0E8}.Release|Any CPU.Build.0 = Release|Any CPU
	EndGlobalSection
	GlobalSection(SolutionProperties) = preSolution
		HideSolutionNode = FALSE
	EndGlobalSection
	GlobalSection(ExtensibilityGlobals) = postSolution
		SolutionGuid = {0F3E0ADF-A031-47E2-9E7F-33BBD16A632C}
	EndGlobalSection
EndGlobal
